
Microsoft Visual Studio Solution File, Format Version 12.00
# Visual Studio 15
VisualStudioVersion = 15.0.27703.2026
MinimumVisualStudioVersion = 10.0.40219.1
Project("{9A19103F-16F7-4668-BE54-9A1E7A4F7556}") = "MysticMind.PostgresEmbed.Tests", "MysticMind.PostgresEmbed.Tests\MysticMind.PostgresEmbed.Tests.csproj", "{3D30ABC5-3956-4537-98E0-7DF5B147449C}"
EndProject
Project("{9A19103F-16F7-4668-BE54-9A1E7A4F7556}") = "MysticMind.PostgresEmbed", "MysticMind.PostgresEmbed\MysticMind.PostgresEmbed.csproj", "{261AE1C4-6B77-4999-844C-8F3B9F096F43}"
EndProject
Project("{2150E333-8FDC-42A3-9474-1A3956D46DE8}") = "Solution Items", "Solution Items", "{1D39C306-6292-4354-91B9-2D124A9EE563}"
	ProjectSection(SolutionItems) = preProject
		..\README.md = ..\README.md
	EndProjectSection
EndProject
Global
	GlobalSection(SolutionConfigurationPlatforms) = preSolution
		Debug|Any CPU = Debug|Any CPU
		Release|Any CPU = Release|Any CPU
	EndGlobalSection
	GlobalSection(ProjectConfigurationPlatforms) = postSolution
		{3D30ABC5-3956-4537-98E0-7DF5B147449C}.Debug|Any CPU.ActiveCfg = Debug|Any CPU
		{3D30ABC5-3956-4537-98E0-7DF5B147449C}.Debug|Any CPU.Build.0 = Debug|Any CPU
		{3D30ABC5-3956-4537-98E0-7DF5B147449C}.Release|Any CPU.ActiveCfg = Release|Any CPU
		{3D30ABC5-3956-4537-98E0-7DF5B147449C}.Release|Any CPU.Build.0 = Release|Any CPU
		{261AE1C4-6B77-4999-844C-8F3B9F096F43}.Debug|Any CPU.ActiveCfg = Debug|Any CPU
		{261AE1C4-6B77-4999-844C-8F3B9F096F43}.Debug|Any CPU.Build.0 = Debug|Any CPU
		{261AE1C4-6B77-4999-844C-8F3B9F096F43}.Release|Any CPU.ActiveCfg = Release|Any CPU
		{261AE1C4-6B77-4999-844C-8F3B9F096F43}.Release|Any CPU.Build.0 = Release|Any CPU
	EndGlobalSection
	GlobalSection(SolutionProperties) = preSolution
		HideSolutionNode = FALSE
	EndGlobalSection
	GlobalSection(ExtensibilityGlobals) = postSolution
		SolutionGuid = {7B918296-F47A-4F90-8976-04B2E460E154}
	EndGlobalSection
EndGlobal
